
Microsoft Visual Studio Solution File, Format Version 12.00
# Visual Studio 15
VisualStudioVersion = 15.0.28010.2036
MinimumVisualStudioVersion = 10.0.40219.1
Project("{FAE04EC0-301F-11D3-BF4B-00C04F79EFBC}") = "UNFGitDemo01", "UNFGitDemo01\UNFGitDemo01.csproj", "{B4E89826-D867-4B60-9E95-5F13595D3006}"
EndProject
Global
	GlobalSection(SolutionConfigurationPlatforms) = preSolution
		Debug|Any CPU = Debug|Any CPU
		Release|Any CPU = Release|Any CPU
	EndGlobalSection
	GlobalSection(ProjectConfigurationPlatforms) = postSolution
		{B4E89826-D867-4B60-9E95-5F13595D3006}.Debug|Any CPU.ActiveCfg = Debug|Any CPU
		{B4E89826-D867-4B60-9E95-5F13595D3006}.Debug|Any CPU.Build.0 = Debug|Any CPU
		{B4E89826-D867-4B60-9E95-5F13595D3006}.Release|Any CPU.ActiveCfg = Release|Any CPU
		{B4E89826-D867-4B60-9E95-5F13595D3006}.Release|Any CPU.Build.0 = Release|Any CPU
	EndGlobalSection
	GlobalSection(SolutionProperties) = preSolution
		HideSolutionNode = FALSE
	EndGlobalSection
	GlobalSection(ExtensibilityGlobals) = postSolution
		SolutionGuid = {EF7E7F7A-8468-4B9A-881A-0F5C5B29E6BE}
	EndGlobalSection
EndGlobal
